// !$*UTF8*$!
{
	archiveVersion = 1;
	classes = {
	};
	objectVersion = 46;
	objects = {

/* Begin PBXBuildFile section */
		C80CAE2A1DD1CA5B0021063D /* RestaurantDetailViewController.swift in Sources */ = {isa = PBXBuildFile; fileRef = C80CAE291DD1CA5B0021063D /* RestaurantDetailViewController.swift */; };
		C80CAE2C1DD1CDEE0021063D /* Assets.xcassets in Resources */ = {isa = PBXBuildFile; fileRef = C80CAE2B1DD1CDEE0021063D /* Assets.xcassets */; };
		C86BE0811DDAC8340022CC47 /* Restaurant.swift in Sources */ = {isa = PBXBuildFile; fileRef = C86BE0801DDAC8340022CC47 /* Restaurant.swift */; };
		C8ABFD7D1DBF35D2003EA6AE /* AppDelegate.swift in Sources */ = {isa = PBXBuildFile; fileRef = C8ABFD7C1DBF35D2003EA6AE /* AppDelegate.swift */; };
		C8ABFD821DBF35D2003EA6AE /* Main.storyboard in Resources */ = {isa = PBXBuildFile; fileRef = C8ABFD801DBF35D2003EA6AE /* Main.storyboard */; };
		C8ABFD871DBF35D2003EA6AE /* LaunchScreen.storyboard in Resources */ = {isa = PBXBuildFile; fileRef = C8ABFD851DBF35D2003EA6AE /* LaunchScreen.storyboard */; };
		C8ABFD921DBF35D2003EA6AE /* OurBabTests.swift in Sources */ = {isa = PBXBuildFile; fileRef = C8ABFD911DBF35D2003EA6AE /* OurBabTests.swift */; };
		C8ABFD9D1DBF35D2003EA6AE /* OurBabUITests.swift in Sources */ = {isa = PBXBuildFile; fileRef = C8ABFD9C1DBF35D2003EA6AE /* OurBabUITests.swift */; };
		C8ABFDAB1DBF3928003EA6AE /* RestaurantTableViewController.swift in Sources */ = {isa = PBXBuildFile; fileRef = C8ABFDAA1DBF3928003EA6AE /* RestaurantTableViewController.swift */; };
		C8FC6E761DCD81E3007FAEB0 /* RestaurantTableViewCell.swift in Sources */ = {isa = PBXBuildFile; fileRef = C8FC6E751DCD81E3007FAEB0 /* RestaurantTableViewCell.swift */; };
/* End PBXBuildFile section */

/* Begin PBXContainerItemProxy section */
		C8ABFD8E1DBF35D2003EA6AE /* PBXContainerItemProxy */ = {
			isa = PBXContainerItemProxy;
			containerPortal = C8ABFD711DBF35D2003EA6AE /* Project object */;
			proxyType = 1;
			remoteGlobalIDString = C8ABFD781DBF35D2003EA6AE;
			remoteInfo = OurBab;
		};
		C8ABFD991DBF35D2003EA6AE /* PBXContainerItemProxy */ = {
			isa = PBXContainerItemProxy;
			containerPortal = C8ABFD711DBF35D2003EA6AE /* Project object */;
			proxyType = 1;
			remoteGlobalIDString = C8ABFD781DBF35D2003EA6AE;
			remoteInfo = OurBab;
		};
/* End PBXContainerItemProxy section */

/* Begin PBXFileReference section */
		C80CAE291DD1CA5B0021063D /* RestaurantDetailViewController.swift */ = {isa = PBXFileReference; fileEncoding = 4; lastKnownFileType = sourcecode.swift; path = RestaurantDetailViewController.swift; sourceTree = "<group>"; };
		C80CAE2B1DD1CDEE0021063D /* Assets.xcassets */ = {isa = PBXFileReference; lastKnownFileType = folder.assetcatalog; path = Assets.xcassets; sourceTree = "<group>"; };
		C86BE0801DDAC8340022CC47 /* Restaurant.swift */ = {isa = PBXFileReference; fileEncoding = 4; lastKnownFileType = sourcecode.swift; path = Restaurant.swift; sourceTree = "<group>"; };
		C8ABFD791DBF35D2003EA6AE /* OurBab.app */ = {isa = PBXFileReference; explicitFileType = wrapper.application; includeInIndex = 0; path = OurBab.app; sourceTree = BUILT_PRODUCTS_DIR; };
		C8ABFD7C1DBF35D2003EA6AE /* AppDelegate.swift */ = {isa = PBXFileReference; lastKnownFileType = sourcecode.swift; path = AppDelegate.swift; sourceTree = "<group>"; };
		C8ABFD811DBF35D2003EA6AE /* Base */ = {isa = PBXFileReference; lastKnownFileType = file.storyboard; name = Base; path = Base.lproj/Main.storyboard; sourceTree = "<group>"; };
		C8ABFD861DBF35D2003EA6AE /* Base */ = {isa = PBXFileReference; lastKnownFileType = file.storyboard; name = Base; path = Base.lproj/LaunchScreen.storyboard; sourceTree = "<group>"; };
		C8ABFD881DBF35D2003EA6AE /* Info.plist */ = {isa = PBXFileReference; lastKnownFileType = text.plist.xml; path = Info.plist; sourceTree = "<group>"; };
		C8ABFD8D1DBF35D2003EA6AE /* OurBabTests.xctest */ = {isa = PBXFileReference; explicitFileType = wrapper.cfbundle; includeInIndex = 0; path = OurBabTests.xctest; sourceTree = BUILT_PRODUCTS_DIR; };
		C8ABFD911DBF35D2003EA6AE /* OurBabTests.swift */ = {isa = PBXFileReference; lastKnownFileType = sourcecode.swift; path = OurBabTests.swift; sourceTree = "<group>"; };
		C8ABFD931DBF35D2003EA6AE /* Info.plist */ = {isa = PBXFileReference; lastKnownFileType = text.plist.xml; path = Info.plist; sourceTree = "<group>"; };
		C8ABFD981DBF35D2003EA6AE /* OurBabUITests.xctest */ = {isa = PBXFileReference; explicitFileType = wrapper.cfbundle; includeInIndex = 0; path = OurBabUITests.xctest; sourceTree = BUILT_PRODUCTS_DIR; };
		C8ABFD9C1DBF35D2003EA6AE /* OurBabUITests.swift */ = {isa = PBXFileReference; lastKnownFileType = sourcecode.swift; path = OurBabUITests.swift; sourceTree = "<group>"; };
		C8ABFD9E1DBF35D2003EA6AE /* Info.plist */ = {isa = PBXFileReference; lastKnownFileType = text.plist.xml; path = Info.plist; sourceTree = "<group>"; };
		C8ABFDAA1DBF3928003EA6AE /* RestaurantTableViewController.swift */ = {isa = PBXFileReference; fileEncoding = 4; lastKnownFileType = sourcecode.swift; path = RestaurantTableViewController.swift; sourceTree = "<group>"; };
		C8FC6E751DCD81E3007FAEB0 /* RestaurantTableViewCell.swift */ = {isa = PBXFileReference; fileEncoding = 4; lastKnownFileType = sourcecode.swift; path = RestaurantTableViewCell.swift; sourceTree = "<group>"; };
/* End PBXFileReference section */

/* Begin PBXFrameworksBuildPhase section */
		C8ABFD761DBF35D2003EA6AE /* Frameworks */ = {
			isa = PBXFrameworksBuildPhase;
			buildActionMask = 2147483647;
			files = (
			);
			runOnlyForDeploymentPostprocessing = 0;
		};
		C8ABFD8A1DBF35D2003EA6AE /* Frameworks */ = {
			isa = PBXFrameworksBuildPhase;
			buildActionMask = 2147483647;
			files = (
			);
			runOnlyForDeploymentPostprocessing = 0;
		};
		C8ABFD951DBF35D2003EA6AE /* Frameworks */ = {
			isa = PBXFrameworksBuildPhase;
			buildActionMask = 2147483647;
			files = (
			);
			runOnlyForDeploymentPostprocessing = 0;
		};
/* End PBXFrameworksBuildPhase section */

/* Begin PBXGroup section */
		C8ABFD701DBF35D2003EA6AE = {
			isa = PBXGroup;
			children = (
				C8ABFD7B1DBF35D2003EA6AE /* OurBab */,
				C8ABFD901DBF35D2003EA6AE /* OurBabTests */,
				C8ABFD9B1DBF35D2003EA6AE /* OurBabUITests */,
				C8ABFD7A1DBF35D2003EA6AE /* Products */,
			);
			sourceTree = "<group>";
		};
		C8ABFD7A1DBF35D2003EA6AE /* Products */ = {
			isa = PBXGroup;
			children = (
				C8ABFD791DBF35D2003EA6AE /* OurBab.app */,
				C8ABFD8D1DBF35D2003EA6AE /* OurBabTests.xctest */,
				C8ABFD981DBF35D2003EA6AE /* OurBabUITests.xctest */,
			);
			name = Products;
			sourceTree = "<group>";
		};
		C8ABFD7B1DBF35D2003EA6AE /* OurBab */ = {
			isa = PBXGroup;
			children = (
				C8ABFD7C1DBF35D2003EA6AE /* AppDelegate.swift */,
				C8ABFD801DBF35D2003EA6AE /* Main.storyboard */,
				C8ABFDAA1DBF3928003EA6AE /* RestaurantTableViewController.swift */,
				C8FC6E751DCD81E3007FAEB0 /* RestaurantTableViewCell.swift */,
				C80CAE291DD1CA5B0021063D /* RestaurantDetailViewController.swift */,
				C8ABFD851DBF35D2003EA6AE /* LaunchScreen.storyboard */,
				C80CAE2B1DD1CDEE0021063D /* Assets.xcassets */,
				C86BE0801DDAC8340022CC47 /* Restaurant.swift */,
				C8ABFD881DBF35D2003EA6AE /* Info.plist */,
			);
			path = OurBab;
			sourceTree = "<group>";
		};
		C8ABFD901DBF35D2003EA6AE /* OurBabTests */ = {
			isa = PBXGroup;
			children = (
				C8ABFD911DBF35D2003EA6AE /* OurBabTests.swift */,
				C8ABFD931DBF35D2003EA6AE /* Info.plist */,
			);
			path = OurBabTests;
			sourceTree = "<group>";
		};
		C8ABFD9B1DBF35D2003EA6AE /* OurBabUITests */ = {
			isa = PBXGroup;
			children = (
				C8ABFD9C1DBF35D2003EA6AE /* OurBabUITests.swift */,
				C8ABFD9E1DBF35D2003EA6AE /* Info.plist */,
			);
			path = OurBabUITests;
			sourceTree = "<group>";
		};
/* End PBXGroup section */

/* Begin PBXNativeTarget section */
		C8ABFD781DBF35D2003EA6AE /* OurBab */ = {
			isa = PBXNativeTarget;
			buildConfigurationList = C8ABFDA11DBF35D2003EA6AE /* Build configuration list for PBXNativeTarget "OurBab" */;
			buildPhases = (
				C8ABFD751DBF35D2003EA6AE /* Sources */,
				C8ABFD761DBF35D2003EA6AE /* Frameworks */,
				C8ABFD771DBF35D2003EA6AE /* Resources */,
			);
			buildRules = (
			);
			dependencies = (
			);
			name = OurBab;
			productName = OurBab;
			productReference = C8ABFD791DBF35D2003EA6AE /* OurBab.app */;
			productType = "com.apple.product-type.application";
		};
		C8ABFD8C1DBF35D2003EA6AE /* OurBabTests */ = {
			isa = PBXNativeTarget;
			buildConfigurationList = C8ABFDA41DBF35D2003EA6AE /* Build configuration list for PBXNativeTarget "OurBabTests" */;
			buildPhases = (
				C8ABFD891DBF35D2003EA6AE /* Sources */,
				C8ABFD8A1DBF35D2003EA6AE /* Frameworks */,
				C8ABFD8B1DBF35D2003EA6AE /* Resources */,
			);
			buildRules = (
			);
			dependencies = (
				C8ABFD8F1DBF35D2003EA6AE /* PBXTargetDependency */,
			);
			name = OurBabTests;
			productName = OurBabTests;
			productReference = C8ABFD8D1DBF35D2003EA6AE /* OurBabTests.xctest */;
			productType = "com.apple.product-type.bundle.unit-test";
		};
		C8ABFD971DBF35D2003EA6AE /* OurBabUITests */ = {
			isa = PBXNativeTarget;
			buildConfigurationList = C8ABFDA71DBF35D2003EA6AE /* Build configuration list for PBXNativeTarget "OurBabUITests" */;
			buildPhases = (
				C8ABFD941DBF35D2003EA6AE /* Sources */,
				C8ABFD951DBF35D2003EA6AE /* Frameworks */,
				C8ABFD961DBF35D2003EA6AE /* Resources */,
			);
			buildRules = (
			);
			dependencies = (
				C8ABFD9A1DBF35D2003EA6AE /* PBXTargetDependency */,
			);
			name = OurBabUITests;
			productName = OurBabUITests;
			productReference = C8ABFD981DBF35D2003EA6AE /* OurBabUITests.xctest */;
			productType = "com.apple.product-type.bundle.ui-testing";
		};
/* End PBXNativeTarget section */

/* Begin PBXProject section */
		C8ABFD711DBF35D2003EA6AE /* Project object */ = {
			isa = PBXProject;
			attributes = {
				LastSwiftUpdateCheck = 0800;
				LastUpgradeCheck = 0800;
				ORGANIZATIONNAME = "T. Choi";
				TargetAttributes = {
					C8ABFD781DBF35D2003EA6AE = {
						CreatedOnToolsVersion = 8.0;
						DevelopmentTeam = RRPJSL739N;
						ProvisioningStyle = Automatic;
					};
					C8ABFD8C1DBF35D2003EA6AE = {
						CreatedOnToolsVersion = 8.0;
						ProvisioningStyle = Automatic;
						TestTargetID = C8ABFD781DBF35D2003EA6AE;
					};
					C8ABFD971DBF35D2003EA6AE = {
						CreatedOnToolsVersion = 8.0;
						ProvisioningStyle = Automatic;
						TestTargetID = C8ABFD781DBF35D2003EA6AE;
					};
				};
			};
			buildConfigurationList = C8ABFD741DBF35D2003EA6AE /* Build configuration list for PBXProject "OurBab" */;
			compatibilityVersion = "Xcode 3.2";
			developmentRegion = English;
			hasScannedForEncodings = 0;
			knownRegions = (
				en,
				Base,
			);
			mainGroup = C8ABFD701DBF35D2003EA6AE;
			productRefGroup = C8ABFD7A1DBF35D2003EA6AE /* Products */;
			projectDirPath = "";
			projectRoot = "";
			targets = (
				C8ABFD781DBF35D2003EA6AE /* OurBab */,
				C8ABFD8C1DBF35D2003EA6AE /* OurBabTests */,
				C8ABFD971DBF35D2003EA6AE /* OurBabUITests */,
			);
		};
/* End PBXProject section */

/* Begin PBXResourcesBuildPhase section */
		C8ABFD771DBF35D2003EA6AE /* Resources */ = {
			isa = PBXResourcesBuildPhase;
			buildActionMask = 2147483647;
			files = (
				C8ABFD871DBF35D2003EA6AE /* LaunchScreen.storyboard in Resources */,
				C80CAE2C1DD1CDEE0021063D /* Assets.xcassets in Resources */,
				C8ABFD821DBF35D2003EA6AE /* Main.storyboard in Resources */,
			);
			runOnlyForDeploymentPostprocessing = 0;
		};
		C8ABFD8B1DBF35D2003EA6AE /* Resources */ = {
			isa = PBXResourcesBuildPhase;
			buildActionMask = 2147483647;
			files = (
			);
			runOnlyForDeploymentPostprocessing = 0;
		};
		C8ABFD961DBF35D2003EA6AE /* Resources */ = {
			isa = PBXResourcesBuildPhase;
			buildActionMask = 2147483647;
			files = (
			);
			runOnlyForDeploymentPostprocessing = 0;
		};
/* End PBXResourcesBuildPhase section */

/* Begin PBXSourcesBuildPhase section */
		C8ABFD751DBF35D2003EA6AE /* Sources */ = {
			isa = PBXSourcesBuildPhase;
			buildActionMask = 2147483647;
			files = (
				C86BE0811DDAC8340022CC47 /* Restaurant.swift in Sources */,
				C8ABFDAB1DBF3928003EA6AE /* RestaurantTableViewController.swift in Sources */,
				C8FC6E761DCD81E3007FAEB0 /* RestaurantTableViewCell.swift in Sources */,
				C80CAE2A1DD1CA5B0021063D /* RestaurantDetailViewController.swift in Sources */,
				C8ABFD7D1DBF35D2003EA6AE /* AppDelegate.swift in Sources */,
			);
			runOnlyForDeploymentPostprocessing = 0;
		};
		C8ABFD891DBF35D2003EA6AE /* Sources */ = {
			isa = PBXSourcesBuildPhase;
			buildActionMask = 2147483647;
			files = (
				C8ABFD921DBF35D2003EA6AE /* OurBabTests.swift in Sources */,
			);
			runOnlyForDeploymentPostprocessing = 0;
		};
		C8ABFD941DBF35D2003EA6AE /* Sources */ = {
			isa = PBXSourcesBuildPhase;
			buildActionMask = 2147483647;
			files = (
				C8ABFD9D1DBF35D2003EA6AE /* OurBabUITests.swift in Sources */,
			);
			runOnlyForDeploymentPostprocessing = 0;
		};
/* End PBXSourcesBuildPhase section */

/* Begin PBXTargetDependency section */
		C8ABFD8F1DBF35D2003EA6AE /* PBXTargetDependency */ = {
			isa = PBXTargetDependency;
			target = C8ABFD781DBF35D2003EA6AE /* OurBab */;
			targetProxy = C8ABFD8E1DBF35D2003EA6AE /* PBXContainerItemProxy */;
		};
		C8ABFD9A1DBF35D2003EA6AE /* PBXTargetDependency */ = {
			isa = PBXTargetDependency;
			target = C8ABFD781DBF35D2003EA6AE /* OurBab */;
			targetProxy = C8ABFD991DBF35D2003EA6AE /* PBXContainerItemProxy */;
		};
/* End PBXTargetDependency section */

/* Begin PBXVariantGroup section */
		C8ABFD801DBF35D2003EA6AE /* Main.storyboard */ = {
			isa = PBXVariantGroup;
			children = (
				C8ABFD811DBF35D2003EA6AE /* Base */,
			);
			name = Main.storyboard;
			sourceTree = "<group>";
		};
		C8ABFD851DBF35D2003EA6AE /* LaunchScreen.storyboard */ = {
			isa = PBXVariantGroup;
			children = (
				C8ABFD861DBF35D2003EA6AE /* Base */,
			);
			name = LaunchScreen.storyboard;
			sourceTree = "<group>";
		};
/* End PBXVariantGroup section */

/* Begin XCBuildConfiguration section */
		C8ABFD9F1DBF35D2003EA6AE /* Debug */ = {
			isa = XCBuildConfiguration;
			buildSettings = {
				ALWAYS_SEARCH_USER_PATHS = NO;
				CLANG_ANALYZER_NONNULL = YES;
				CLANG_CXX_LANGUAGE_STANDARD = "gnu++0x";
				CLANG_CXX_LIBRARY = "libc++";
				CLANG_ENABLE_MODULES = YES;
				CLANG_ENABLE_OBJC_ARC = YES;
				CLANG_WARN_BOOL_CONVERSION = YES;
				CLANG_WARN_CONSTANT_CONVERSION = YES;
				CLANG_WARN_DIRECT_OBJC_ISA_USAGE = YES_ERROR;
				CLANG_WARN_DOCUMENTATION_COMMENTS = YES;
				CLANG_WARN_EMPTY_BODY = YES;
				CLANG_WARN_ENUM_CONVERSION = YES;
				CLANG_WARN_INFINITE_RECURSION = YES;
				CLANG_WARN_INT_CONVERSION = YES;
				CLANG_WARN_OBJC_ROOT_CLASS = YES_ERROR;
				CLANG_WARN_SUSPICIOUS_MOVES = YES;
				CLANG_WARN_UNREACHABLE_CODE = YES;
				CLANG_WARN__DUPLICATE_METHOD_MATCH = YES;
				"CODE_SIGN_IDENTITY[sdk=iphoneos*]" = "iPhone Developer";
				COPY_PHASE_STRIP = NO;
				DEBUG_INFORMATION_FORMAT = dwarf;
				ENABLE_STRICT_OBJC_MSGSEND = YES;
				ENABLE_TESTABILITY = YES;
				GCC_C_LANGUAGE_STANDARD = gnu99;
				GCC_DYNAMIC_NO_PIC = NO;
				GCC_NO_COMMON_BLOCKS = YES;
				GCC_OPTIMIZATION_LEVEL = 0;
				GCC_PREPROCESSOR_DEFINITIONS = (
					"DEBUG=1",
					"$(inherited)",
				);
				GCC_WARN_64_TO_32_BIT_CONVERSION = YES;
				GCC_WARN_ABOUT_RETURN_TYPE = YES_ERROR;
				GCC_WARN_UNDECLARED_SELECTOR = YES;
				GCC_WARN_UNINITIALIZED_AUTOS = YES_AGGRESSIVE;
				GCC_WARN_UNUSED_FUNCTION = YES;
				GCC_WARN_UNUSED_VARIABLE = YES;
				IPHONEOS_DEPLOYMENT_TARGET = 10.0;
				MTL_ENABLE_DEBUG_INFO = YES;
				ONLY_ACTIVE_ARCH = YES;
				SDKROOT = iphoneos;
				SWIFT_ACTIVE_COMPILATION_CONDITIONS = DEBUG;
				SWIFT_OPTIMIZATION_LEVEL = "-Onone";
				TARGETED_DEVICE_FAMILY = "1,2";
			};
			name = Debug;
		};
		C8ABFDA01DBF35D2003EA6AE /* Release */ = {
			isa = XCBuildConfiguration;
			buildSettings = {
				ALWAYS_SEARCH_USER_PATHS = NO;
				CLANG_ANALYZER_NONNULL = YES;
				CLANG_CXX_LANGUAGE_STANDARD = "gnu++0x";
				CLANG_CXX_LIBRARY = "libc++";
				CLANG_ENABLE_MODULES = YES;
				CLANG_ENABLE_OBJC_ARC = YES;
				CLANG_WARN_BOOL_CONVERSION = YES;
				CLANG_WARN_CONSTANT_CONVERSION = YES;
				CLANG_WARN_DIRECT_OBJC_ISA_USAGE = YES_ERROR;
				CLANG_WARN_DOCUMENTATION_COMMENTS = YES;
				CLANG_WARN_EMPTY_BODY = YES;
				CLANG_WARN_ENUM_CONVERSION = YES;
				CLANG_WARN_INFINITE_RECURSION = YES;
				CLANG_WARN_INT_CONVERSION = YES;
				CLANG_WARN_OBJC_ROOT_CLASS = YES_ERROR;
				CLANG_WARN_SUSPICIOUS_MOVES = YES;
				CLANG_WARN_UNREACHABLE_CODE = YES;
				CLANG_WARN__DUPLICATE_METHOD_MATCH = YES;
				"CODE_SIGN_IDENTITY[sdk=iphoneos*]" = "iPhone Developer";
				COPY_PHASE_STRIP = NO;
				DEBUG_INFORMATION_FORMAT = "dwarf-with-dsym";
				ENABLE_NS_ASSERTIONS = NO;
				ENABLE_STRICT_OBJC_MSGSEND = YES;
				GCC_C_LANGUAGE_STANDARD = gnu99;
				GCC_NO_COMMON_BLOCKS = YES;
				GCC_WARN_64_TO_32_BIT_CONVERSION = YES;
				GCC_WARN_ABOUT_RETURN_TYPE = YES_ERROR;
				GCC_WARN_UNDECLARED_SELECTOR = YES;
				GCC_WARN_UNINITIALIZED_AUTOS = YES_AGGRESSIVE;
				GCC_WARN_UNUSED_FUNCTION = YES;
				GCC_WARN_UNUSED_VARIABLE = YES;
				IPHONEOS_DEPLOYMENT_TARGET = 10.0;
				MTL_ENABLE_DEBUG_INFO = NO;
				SDKROOT = iphoneos;
				SWIFT_OPTIMIZATION_LEVEL = "-Owholemodule";
				TARGETED_DEVICE_FAMILY = "1,2";
				VALIDATE_PRODUCT = YES;
			};
			name = Release;
		};
		C8ABFDA21DBF35D2003EA6AE /* Debug */ = {
			isa = XCBuildConfiguration;
			buildSettings = {
				ASSETCATALOG_COMPILER_APPICON_NAME = AppIcon;
				DEVELOPMENT_TEAM = RRPJSL739N;
				INFOPLIST_FILE = OurBab/Info.plist;
				LD_RUNPATH_SEARCH_PATHS = "$(inherited) @executable_path/Frameworks";
				PRODUCT_BUNDLE_IDENTIFIER = COM.DALMARU.OurBab;
				PRODUCT_NAME = "$(TARGET_NAME)";
				SWIFT_VERSION = 3.0;
			};
			name = Debug;
		};
		C8ABFDA31DBF35D2003EA6AE /* Release */ = {
			isa = XCBuildConfiguration;
			buildSettings = {
				ASSETCATALOG_COMPILER_APPICON_NAME = AppIcon;
				DEVELOPMENT_TEAM = RRPJSL739N;
				INFOPLIST_FILE = OurBab/Info.plist;
				LD_RUNPATH_SEARCH_PATHS = "$(inherited) @executable_path/Frameworks";
				PRODUCT_BUNDLE_IDENTIFIER = COM.DALMARU.OurBab;
				PRODUCT_NAME = "$(TARGET_NAME)";
				SWIFT_VERSION = 3.0;
			};
			name = Release;
		};
		C8ABFDA51DBF35D2003EA6AE /* Debug */ = {
			isa = XCBuildConfiguration;
			buildSettings = {
				ALWAYS_EMBED_SWIFT_STANDARD_LIBRARIES = YES;
				BUNDLE_LOADER = "$(TEST_HOST)";
				INFOPLIST_FILE = OurBabTests/Info.plist;
				LD_RUNPATH_SEARCH_PATHS = "$(inherited) @executable_path/Frameworks @loader_path/Frameworks";
				PRODUCT_BUNDLE_IDENTIFIER = COM.DALMARU.OurBabTests;
				PRODUCT_NAME = "$(TARGET_NAME)";
				SWIFT_VERSION = 3.0;
				TEST_HOST = "$(BUILT_PRODUCTS_DIR)/OurBab.app/OurBab";
			};
			name = Debug;
		};
		C8ABFDA61DBF35D2003EA6AE /* Release */ = {
			isa = XCBuildConfiguration;
			buildSettings = {
				ALWAYS_EMBED_SWIFT_STANDARD_LIBRARIES = YES;
				BUNDLE_LOADER = "$(TEST_HOST)";
				INFOPLIST_FILE = OurBabTests/Info.plist;
				LD_RUNPATH_SEARCH_PATHS = "$(inherited) @executable_path/Frameworks @loader_path/Frameworks";
				PRODUCT_BUNDLE_IDENTIFIER = COM.DALMARU.OurBabTests;
				PRODUCT_NAME = "$(TARGET_NAME)";
				SWIFT_VERSION = 3.0;
				TEST_HOST = "$(BUILT_PRODUCTS_DIR)/OurBab.app/OurBab";
			};
			name = Release;
		};
		C8ABFDA81DBF35D2003EA6AE /* Debug */ = {
			isa = XCBuildConfiguration;
			buildSettings = {
				ALWAYS_EMBED_SWIFT_STANDARD_LIBRARIES = YES;
				INFOPLIST_FILE = OurBabUITests/Info.plist;
				LD_RUNPATH_SEARCH_PATHS = "$(inherited) @executable_path/Frameworks @loader_path/Frameworks";
				PRODUCT_BUNDLE_IDENTIFIER = COM.DALMARU.OurBabUITests;
				PRODUCT_NAME = "$(TARGET_NAME)";
				SWIFT_VERSION = 3.0;
				TEST_TARGET_NAME = OurBab;
			};
			name = Debug;
		};
		C8ABFDA91DBF35D2003EA6AE /* Release */ = {
			isa = XCBuildConfiguration;
			buildSettings = {
				ALWAYS_EMBED_SWIFT_STANDARD_LIBRARIES = YES;
				INFOPLIST_FILE = OurBabUITests/Info.plist;
				LD_RUNPATH_SEARCH_PATHS = "$(inherited) @executable_path/Frameworks @loader_path/Frameworks";
				PRODUCT_BUNDLE_IDENTIFIER = COM.DALMARU.OurBabUITests;
				PRODUCT_NAME = "$(TARGET_NAME)";
				SWIFT_VERSION = 3.0;
				TEST_TARGET_NAME = OurBab;
			};
			name = Release;
		};
/* End XCBuildConfiguration section */

/* Begin XCConfigurationList section */
		C8ABFD741DBF35D2003EA6AE /* Build configuration list for PBXProject "OurBab" */ = {
			isa = XCConfigurationList;
			buildConfigurations = (
				C8ABFD9F1DBF35D2003EA6AE /* Debug */,
				C8ABFDA01DBF35D2003EA6AE /* Release */,
			);
			defaultConfigurationIsVisible = 0;
			defaultConfigurationName = Release;
		};
		C8ABFDA11DBF35D2003EA6AE /* Build configuration list for PBXNativeTarget "OurBab" */ = {
			isa = XCConfigurationList;
			buildConfigurations = (
				C8ABFDA21DBF35D2003EA6AE /* Debug */,
				C8ABFDA31DBF35D2003EA6AE /* Release */,
			);
			defaultConfigurationIsVisible = 0;
			defaultConfigurationName = Release;
		};
		C8ABFDA41DBF35D2003EA6AE /* Build configuration list for PBXNativeTarget "OurBabTests" */ = {
			isa = XCConfigurationList;
			buildConfigurations = (
				C8ABFDA51DBF35D2003EA6AE /* Debug */,
				C8ABFDA61DBF35D2003EA6AE /* Release */,
			);
			defaultConfigurationIsVisible = 0;
			defaultConfigurationName = Release;
		};
		C8ABFDA71DBF35D2003EA6AE /* Build configuration list for PBXNativeTarget "OurBabUITests" */ = {
			isa = XCConfigurationList;
			buildConfigurations = (
				C8ABFDA81DBF35D2003EA6AE /* Debug */,
				C8ABFDA91DBF35D2003EA6AE /* Release */,
			);
			defaultConfigurationIsVisible = 0;
			defaultConfigurationName = Release;
		};
/* End XCConfigurationList section */
	};
	rootObject = C8ABFD711DBF35D2003EA6AE /* Project object */;
}
